// !$*UTF8*$!
{
	archiveVersion = 1;
	classes = {
	};
	objectVersion = 50;
	objects = {

/* Begin PBXBuildFile section */
		3C95B1D721E81ADD003373C3 /* usingSort.cpp in Sources */ = {isa = PBXBuildFile; fileRef = 3C95B1D521E81ADD003373C3 /* usingSort.cpp */; };
		3C95B1E521ED4E2C003373C3 /* usingBitwise.cpp in Sources */ = {isa = PBXBuildFile; fileRef = 3C95B1E321ED4E2C003373C3 /* usingBitwise.cpp */; };
		3C95B1E621ED4E2C003373C3 /* usingExtraDataStructure.cpp in Sources */ = {isa = PBXBuildFile; fileRef = 3C95B1E421ED4E2C003373C3 /* usingExtraDataStructure.cpp */; };
		3CCCAEB421E4064D00BDF4BA /* main.cpp in Sources */ = {isa = PBXBuildFile; fileRef = 3CCCAEB321E4064D00BDF4BA /* main.cpp */; };
		3CCCAEBB21E40D2C00BDF4BA /* mySolution.cpp in Sources */ = {isa = PBXBuildFile; fileRef = 3CCCAEBA21E40D2C00BDF4BA /* mySolution.cpp */; };
/* End PBXBuildFile section */

/* Begin PBXCopyFilesBuildPhase section */
		3CCCAEAE21E4064D00BDF4BA /* CopyFiles */ = {
			isa = PBXCopyFilesBuildPhase;
			buildActionMask = 2147483647;
			dstPath = /usr/share/man/man1/;
			dstSubfolderSpec = 0;
			files = (
			);
			runOnlyForDeploymentPostprocessing = 1;
		};
/* End PBXCopyFilesBuildPhase section */

/* Begin PBXFileReference section */
		3C95B1D521E81ADD003373C3 /* usingSort.cpp */ = {isa = PBXFileReference; lastKnownFileType = sourcecode.cpp.cpp; path = usingSort.cpp; sourceTree = "<group>"; };
		3C95B1D621E81ADD003373C3 /* usingSort.hpp */ = {isa = PBXFileReference; lastKnownFileType = sourcecode.cpp.h; path = usingSort.hpp; sourceTree = "<group>"; };
		3C95B1E121ED4E2B003373C3 /* usingExtraDataStructure.hpp */ = {isa = PBXFileReference; fileEncoding = 4; lastKnownFileType = sourcecode.cpp.h; path = usingExtraDataStructure.hpp; sourceTree = "<group>"; };
		3C95B1E221ED4E2C003373C3 /* usingBitwise.hpp */ = {isa = PBXFileReference; fileEncoding = 4; lastKnownFileType = sourcecode.cpp.h; path = usingBitwise.hpp; sourceTree = "<group>"; };
		3C95B1E321ED4E2C003373C3 /* usingBitwise.cpp */ = {isa = PBXFileReference; fileEncoding = 4; lastKnownFileType = sourcecode.cpp.cpp; path = usingBitwise.cpp; sourceTree = "<group>"; };
		3C95B1E421ED4E2C003373C3 /* usingExtraDataStructure.cpp */ = {isa = PBXFileReference; fileEncoding = 4; lastKnownFileType = sourcecode.cpp.cpp; path = usingExtraDataStructure.cpp; sourceTree = "<group>"; };
		3CCCAEB021E4064D00BDF4BA /* isUnique */ = {isa = PBXFileReference; explicitFileType = "compiled.mach-o.executable"; includeInIndex = 0; path = isUnique; sourceTree = BUILT_PRODUCTS_DIR; };
		3CCCAEB321E4064D00BDF4BA /* main.cpp */ = {isa = PBXFileReference; lastKnownFileType = sourcecode.cpp.cpp; path = main.cpp; sourceTree = "<group>"; };
		3CCCAEBA21E40D2C00BDF4BA /* mySolution.cpp */ = {isa = PBXFileReference; lastKnownFileType = sourcecode.cpp.cpp; path = mySolution.cpp; sourceTree = "<group>"; };
		3CCCAEBC21E40D3D00BDF4BA /* mySolution.h */ = {isa = PBXFileReference; lastKnownFileType = sourcecode.c.h; path = mySolution.h; sourceTree = "<group>"; };
/* End PBXFileReference section */

/* Begin PBXFrameworksBuildPhase section */
		3CCCAEAD21E4064D00BDF4BA /* Frameworks */ = {
			isa = PBXFrameworksBuildPhase;
			buildActionMask = 2147483647;
			files = (
			);
			runOnlyForDeploymentPostprocessing = 0;
		};
/* End PBXFrameworksBuildPhase section */

/* Begin PBXGroup section */
		3CCCAEA721E4064C00BDF4BA = {
			isa = PBXGroup;
			children = (
				3CCCAEB221E4064D00BDF4BA /* isUnique */,
				3CCCAEB121E4064D00BDF4BA /* Products */,
			);
			sourceTree = "<group>";
		};
		3CCCAEB121E4064D00BDF4BA /* Products */ = {
			isa = PBXGroup;
			children = (
				3CCCAEB021E4064D00BDF4BA /* isUnique */,
			);
			name = Products;
			sourceTree = "<group>";
		};
		3CCCAEB221E4064D00BDF4BA /* isUnique */ = {
			isa = PBXGroup;
			children = (
				3C95B1E321ED4E2C003373C3 /* usingBitwise.cpp */,
				3C95B1E221ED4E2C003373C3 /* usingBitwise.hpp */,
				3C95B1E421ED4E2C003373C3 /* usingExtraDataStructure.cpp */,
				3C95B1E121ED4E2B003373C3 /* usingExtraDataStructure.hpp */,
				3CCCAEB321E4064D00BDF4BA /* main.cpp */,
				3CCCAEBA21E40D2C00BDF4BA /* mySolution.cpp */,
				3CCCAEBC21E40D3D00BDF4BA /* mySolution.h */,
				3C95B1D521E81ADD003373C3 /* usingSort.cpp */,
				3C95B1D621E81ADD003373C3 /* usingSort.hpp */,
			);
			path = isUnique;
			sourceTree = "<group>";
		};
/* End PBXGroup section */

/* Begin PBXNativeTarget section */
		3CCCAEAF21E4064D00BDF4BA /* isUnique */ = {
			isa = PBXNativeTarget;
			buildConfigurationList = 3CCCAEB721E4064D00BDF4BA /* Build configuration list for PBXNativeTarget "isUnique" */;
			buildPhases = (
				3CCCAEAC21E4064D00BDF4BA /* Sources */,
				3CCCAEAD21E4064D00BDF4BA /* Frameworks */,
				3CCCAEAE21E4064D00BDF4BA /* CopyFiles */,
			);
			buildRules = (
			);
			dependencies = (
			);
			name = isUnique;
			productName = isUnique;
			productReference = 3CCCAEB021E4064D00BDF4BA /* isUnique */;
			productType = "com.apple.product-type.tool";
		};
/* End PBXNativeTarget section */

/* Begin PBXProject section */
		3CCCAEA821E4064D00BDF4BA /* Project object */ = {
			isa = PBXProject;
			attributes = {
				LastUpgradeCheck = 0940;
				ORGANIZATIONNAME = "Kiki Tan";
				TargetAttributes = {
					3CCCAEAF21E4064D00BDF4BA = {
						CreatedOnToolsVersion = 9.4.1;
					};
				};
			};
			buildConfigurationList = 3CCCAEAB21E4064D00BDF4BA /* Build configuration list for PBXProject "isUnique" */;
			compatibilityVersion = "Xcode 9.3";
			developmentRegion = en;
			hasScannedForEncodings = 0;
			knownRegions = (
				en,
			);
			mainGroup = 3CCCAEA721E4064C00BDF4BA;
			productRefGroup = 3CCCAEB121E4064D00BDF4BA /* Products */;
			projectDirPath = "";
			projectRoot = "";
			targets = (
				3CCCAEAF21E4064D00BDF4BA /* isUnique */,
			);
		};
/* End PBXProject section */

/* Begin PBXSourcesBuildPhase section */
		3CCCAEAC21E4064D00BDF4BA /* Sources */ = {
			isa = PBXSourcesBuildPhase;
			buildActionMask = 2147483647;
			files = (
				3CCCAEBB21E40D2C00BDF4BA /* mySolution.cpp in Sources */,
				3C95B1D721E81ADD003373C3 /* usingSort.cpp in Sources */,
				3C95B1E521ED4E2C003373C3 /* usingBitwise.cpp in Sources */,
				3CCCAEB421E4064D00BDF4BA /* main.cpp in Sources */,
				3C95B1E621ED4E2C003373C3 /* usingExtraDataStructure.cpp in Sources */,
			);
			runOnlyForDeploymentPostprocessing = 0;
		};
/* End PBXSourcesBuildPhase section */

/* Begin XCBuildConfiguration section */
		3CCCAEB521E4064D00BDF4BA /* Debug */ = {
			isa = XCBuildConfiguration;
			buildSettings = {
				ALWAYS_SEARCH_USER_PATHS = NO;
				CLANG_ANALYZER_NONNULL = YES;
				CLANG_ANALYZER_NUMBER_OBJECT_CONVERSION = YES_AGGRESSIVE;
				CLANG_CXX_LANGUAGE_STANDARD = "gnu++14";
				CLANG_CXX_LIBRARY = "libc++";
				CLANG_ENABLE_MODULES = YES;
				CLANG_ENABLE_OBJC_ARC = YES;
				CLANG_ENABLE_OBJC_WEAK = YES;
				CLANG_WARN_BLOCK_CAPTURE_AUTORELEASING = YES;
				CLANG_WARN_BOOL_CONVERSION = YES;
				CLANG_WARN_COMMA = YES;
				CLANG_WARN_CONSTANT_CONVERSION = YES;
				CLANG_WARN_DEPRECATED_OBJC_IMPLEMENTATIONS = YES;
				CLANG_WARN_DIRECT_OBJC_ISA_USAGE = YES_ERROR;
				CLANG_WARN_DOCUMENTATION_COMMENTS = YES;
				CLANG_WARN_EMPTY_BODY = YES;
				CLANG_WARN_ENUM_CONVERSION = YES;
				CLANG_WARN_INFINITE_RECURSION = YES;
				CLANG_WARN_INT_CONVERSION = YES;
				CLANG_WARN_NON_LITERAL_NULL_CONVERSION = YES;
				CLANG_WARN_OBJC_IMPLICIT_RETAIN_SELF = YES;
				CLANG_WARN_OBJC_LITERAL_CONVERSION = YES;
				CLANG_WARN_OBJC_ROOT_CLASS = YES_ERROR;
				CLANG_WARN_RANGE_LOOP_ANALYSIS = YES;
				CLANG_WARN_STRICT_PROTOTYPES = YES;
				CLANG_WARN_SUSPICIOUS_MOVE = YES;
				CLANG_WARN_UNGUARDED_AVAILABILITY = YES_AGGRESSIVE;
				CLANG_WARN_UNREACHABLE_CODE = YES;
				CLANG_WARN__DUPLICATE_METHOD_MATCH = YES;
				CODE_SIGN_IDENTITY = "-";
				COPY_PHASE_STRIP = NO;
				DEBUG_INFORMATION_FORMAT = dwarf;
				ENABLE_STRICT_OBJC_MSGSEND = YES;
				ENABLE_TESTABILITY = YES;
				GCC_C_LANGUAGE_STANDARD = gnu11;
				GCC_DYNAMIC_NO_PIC = NO;
				GCC_NO_COMMON_BLOCKS = YES;
				GCC_OPTIMIZATION_LEVEL = 0;
				GCC_PREPROCESSOR_DEFINITIONS = (
					"DEBUG=1",
					"$(inherited)",
				);
				GCC_WARN_64_TO_32_BIT_CONVERSION = YES;
				GCC_WARN_ABOUT_RETURN_TYPE = YES_ERROR;
				GCC_WARN_UNDECLARED_SELECTOR = YES;
				GCC_WARN_UNINITIALIZED_AUTOS = YES_AGGRESSIVE;
				GCC_WARN_UNUSED_FUNCTION = YES;
				GCC_WARN_UNUSED_VARIABLE = YES;
				MACOSX_DEPLOYMENT_TARGET = 10.13;
				MTL_ENABLE_DEBUG_INFO = YES;
				ONLY_ACTIVE_ARCH = YES;
				SDKROOT = macosx;
			};
			name = Debug;
		};
		3CCCAEB621E4064D00BDF4BA /* Release */ = {
			isa = XCBuildConfiguration;
			buildSettings = {
				ALWAYS_SEARCH_USER_PATHS = NO;
				CLANG_ANALYZER_NONNULL = YES;
				CLANG_ANALYZER_NUMBER_OBJECT_CONVERSION = YES_AGGRESSIVE;
				CLANG_CXX_LANGUAGE_STANDARD = "gnu++14";
				CLANG_CXX_LIBRARY = "libc++";
				CLANG_ENABLE_MODULES = YES;
				CLANG_ENABLE_OBJC_ARC = YES;
				CLANG_ENABLE_OBJC_WEAK = YES;
				CLANG_WARN_BLOCK_CAPTURE_AUTORELEASING = YES;
				CLANG_WARN_BOOL_CONVERSION = YES;
				CLANG_WARN_COMMA = YES;
				CLANG_WARN_CONSTANT_CONVERSION = YES;
				CLANG_WARN_DEPRECATED_OBJC_IMPLEMENTATIONS = YES;
				CLANG_WARN_DIRECT_OBJC_ISA_USAGE = YES_ERROR;
				CLANG_WARN_DOCUMENTATION_COMMENTS = YES;
				CLANG_WARN_EMPTY_BODY = YES;
				CLANG_WARN_ENUM_CONVERSION = YES;
				CLANG_WARN_INFINITE_RECURSION = YES;
				CLANG_WARN_INT_CONVERSION = YES;
				CLANG_WARN_NON_LITERAL_NULL_CONVERSION = YES;
				CLANG_WARN_OBJC_IMPLICIT_RETAIN_SELF = YES;
				CLANG_WARN_OBJC_LITERAL_CONVERSION = YES;
				CLANG_WARN_OBJC_ROOT_CLASS = YES_ERROR;
				CLANG_WARN_RANGE_LOOP_ANALYSIS = YES;
				CLANG_WARN_STRICT_PROTOTYPES = YES;
				CLANG_WARN_SUSPICIOUS_MOVE = YES;
				CLANG_WARN_UNGUARDED_AVAILABILITY = YES_AGGRESSIVE;
				CLANG_WARN_UNREACHABLE_CODE = YES;
				CLANG_WARN__DUPLICATE_METHOD_MATCH = YES;
				CODE_SIGN_IDENTITY = "-";
				COPY_PHASE_STRIP = NO;
				DEBUG_INFORMATION_FORMAT = "dwarf-with-dsym";
				ENABLE_NS_ASSERTIONS = NO;
				ENABLE_STRICT_OBJC_MSGSEND = YES;
				GCC_C_LANGUAGE_STANDARD = gnu11;
				GCC_NO_COMMON_BLOCKS = YES;
				GCC_WARN_64_TO_32_BIT_CONVERSION = YES;
				GCC_WARN_ABOUT_RETURN_TYPE = YES_ERROR;
				GCC_WARN_UNDECLARED_SELECTOR = YES;
				GCC_WARN_UNINITIALIZED_AUTOS = YES_AGGRESSIVE;
				GCC_WARN_UNUSED_FUNCTION = YES;
				GCC_WARN_UNUSED_VARIABLE = YES;
				MACOSX_DEPLOYMENT_TARGET = 10.13;
				MTL_ENABLE_DEBUG_INFO = NO;
				SDKROOT = macosx;
			};
			name = Release;
		};
		3CCCAEB821E4064D00BDF4BA /* Debug */ = {
			isa = XCBuildConfiguration;
			buildSettings = {
				CODE_SIGN_STYLE = Automatic;
				PRODUCT_NAME = "$(TARGET_NAME)";
			};
			name = Debug;
		};
		3CCCAEB921E4064D00BDF4BA /* Release */ = {
			isa = XCBuildConfiguration;
			buildSettings = {
				CODE_SIGN_STYLE = Automatic;
				PRODUCT_NAME = "$(TARGET_NAME)";
			};
			name = Release;
		};
/* End XCBuildConfiguration section */

/* Begin XCConfigurationList section */
		3CCCAEAB21E4064D00BDF4BA /* Build configuration list for PBXProject "isUnique" */ = {
			isa = XCConfigurationList;
			buildConfigurations = (
				3CCCAEB521E4064D00BDF4BA /* Debug */,
				3CCCAEB621E4064D00BDF4BA /* Release */,
			);
			defaultConfigurationIsVisible = 0;
			defaultConfigurationName = Release;
		};
		3CCCAEB721E4064D00BDF4BA /* Build configuration list for PBXNativeTarget "isUnique" */ = {
			isa = XCConfigurationList;
			buildConfigurations = (
				3CCCAEB821E4064D00BDF4BA /* Debug */,
				3CCCAEB921E4064D00BDF4BA /* Release */,
			);
			defaultConfigurationIsVisible = 0;
			defaultConfigurationName = Release;
		};
/* End XCConfigurationList section */
	};
	rootObject = 3CCCAEA821E4064D00BDF4BA /* Project object */;
}
